// !$*UTF8*$!
{
	archiveVersion = 1;
	classes = {
	};
	objectVersion = 77;
	objects = {

/* Begin PBXContainerItemProxy section */
		D8FBBD8B2CE2C01B00A2F155 /* PBXContainerItemProxy */ = {
			isa = PBXContainerItemProxy;
			containerPortal = D8FBBD722CE2C01900A2F155 /* Project object */;
			proxyType = 1;
			remoteGlobalIDString = D8FBBD792CE2C01900A2F155;
			remoteInfo = MoneyQueen;
		};
		D8FBBD952CE2C01B00A2F155 /* PBXContainerItemProxy */ = {
			isa = PBXContainerItemProxy;
			containerPortal = D8FBBD722CE2C01900A2F155 /* Project object */;
			proxyType = 1;
			remoteGlobalIDString = D8FBBD792CE2C01900A2F155;
			remoteInfo = MoneyQueen;
		};
/* End PBXContainerItemProxy section */

/* Begin PBXFileReference section */
		D8FBBD7A2CE2C01900A2F155 /* MoneyQueen.app */ = {isa = PBXFileReference; explicitFileType = wrapper.application; includeInIndex = 0; path = MoneyQueen.app; sourceTree = BUILT_PRODUCTS_DIR; };
		D8FBBD8A2CE2C01B00A2F155 /* MoneyQueenTests.xctest */ = {isa = PBXFileReference; explicitFileType = wrapper.cfbundle; includeInIndex = 0; path = MoneyQueenTests.xctest; sourceTree = BUILT_PRODUCTS_DIR; };
		D8FBBD942CE2C01B00A2F155 /* MoneyQueenUITests.xctest */ = {isa = PBXFileReference; explicitFileType = wrapper.cfbundle; includeInIndex = 0; path = MoneyQueenUITests.xctest; sourceTree = BUILT_PRODUCTS_DIR; };
/* End PBXFileReference section */

/* Begin PBXFileSystemSynchronizedRootGroup section */
		D8FBBD7C2CE2C01900A2F155 /* MoneyQueen */ = {
			isa = PBXFileSystemSynchronizedRootGroup;
			path = MoneyQueen;
			sourceTree = "<group>";
		};
		D8FBBD8D2CE2C01B00A2F155 /* MoneyQueenTests */ = {
			isa = PBXFileSystemSynchronizedRootGroup;
			path = MoneyQueenTests;
			sourceTree = "<group>";
		};
		D8FBBD972CE2C01B00A2F155 /* MoneyQueenUITests */ = {
			isa = PBXFileSystemSynchronizedRootGroup;
			path = MoneyQueenUITests;
			sourceTree = "<group>";
		};
/* End PBXFileSystemSynchronizedRootGroup section */

/* Begin PBXFrameworksBuildPhase section */
		D8FBBD772CE2C01900A2F155 /* Frameworks */ = {
			isa = PBXFrameworksBuildPhase;
			buildActionMask = 2147483647;
			files = (
			);
			runOnlyForDeploymentPostprocessing = 0;
		};
		D8FBBD872CE2C01B00A2F155 /* Frameworks */ = {
			isa = PBXFrameworksBuildPhase;
			buildActionMask = 2147483647;
			files = (
			);
			runOnlyForDeploymentPostprocessing = 0;
		};
		D8FBBD912CE2C01B00A2F155 /* Frameworks */ = {
			isa = PBXFrameworksBuildPhase;
			buildActionMask = 2147483647;
			files = (
			);
			runOnlyForDeploymentPostprocessing = 0;
		};
/* End PBXFrameworksBuildPhase section */

/* Begin PBXGroup section */
		D8FBBD712CE2C01900A2F155 = {
			isa = PBXGroup;
			children = (
				D8FBBD7C2CE2C01900A2F155 /* MoneyQueen */,
				D8FBBD8D2CE2C01B00A2F155 /* MoneyQueenTests */,
				D8FBBD972CE2C01B00A2F155 /* MoneyQueenUITests */,
				D8FBBD7B2CE2C01900A2F155 /* Products */,
			);
			sourceTree = "<group>";
		};
		D8FBBD7B2CE2C01900A2F155 /* Products */ = {
			isa = PBXGroup;
			children = (
				D8FBBD7A2CE2C01900A2F155 /* MoneyQueen.app */,
				D8FBBD8A2CE2C01B00A2F155 /* MoneyQueenTests.xctest */,
				D8FBBD942CE2C01B00A2F155 /* MoneyQueenUITests.xctest */,
			);
			name = Products;
			sourceTree = "<group>";
		};
/* End PBXGroup section */

/* Begin PBXNativeTarget section */
		D8FBBD792CE2C01900A2F155 /* MoneyQueen */ = {
			isa = PBXNativeTarget;
			buildConfigurationList = D8FBBD9E2CE2C01B00A2F155 /* Build configuration list for PBXNativeTarget "MoneyQueen" */;
			buildPhases = (
				D8FBBD762CE2C01900A2F155 /* Sources */,
				D8FBBD772CE2C01900A2F155 /* Frameworks */,
				D8FBBD782CE2C01900A2F155 /* Resources */,
			);
			buildRules = (
			);
			dependencies = (
			);
			fileSystemSynchronizedGroups = (
				D8FBBD7C2CE2C01900A2F155 /* MoneyQueen */,
			);
			name = MoneyQueen;
			packageProductDependencies = (
			);
			productName = MoneyQueen;
			productReference = D8FBBD7A2CE2C01900A2F155 /* MoneyQueen.app */;
			productType = "com.apple.product-type.application";
		};
		D8FBBD892CE2C01B00A2F155 /* MoneyQueenTests */ = {
			isa = PBXNativeTarget;
			buildConfigurationList = D8FBBDA12CE2C01B00A2F155 /* Build configuration list for PBXNativeTarget "MoneyQueenTests" */;
			buildPhases = (
				D8FBBD862CE2C01B00A2F155 /* Sources */,
				D8FBBD872CE2C01B00A2F155 /* Frameworks */,
				D8FBBD882CE2C01B00A2F155 /* Resources */,
			);
			buildRules = (
			);
			dependencies = (
				D8FBBD8C2CE2C01B00A2F155 /* PBXTargetDependency */,
			);
			fileSystemSynchronizedGroups = (
				D8FBBD8D2CE2C01B00A2F155 /* MoneyQueenTests */,
			);
			name = MoneyQueenTests;
			packageProductDependencies = (
			);
			productName = MoneyQueenTests;
			productReference = D8FBBD8A2CE2C01B00A2F155 /* MoneyQueenTests.xctest */;
			productType = "com.apple.product-type.bundle.unit-test";
		};
		D8FBBD932CE2C01B00A2F155 /* MoneyQueenUITests */ = {
			isa = PBXNativeTarget;
			buildConfigurationList = D8FBBDA42CE2C01B00A2F155 /* Build configuration list for PBXNativeTarget "MoneyQueenUITests" */;
			buildPhases = (
				D8FBBD902CE2C01B00A2F155 /* Sources */,
				D8FBBD912CE2C01B00A2F155 /* Frameworks */,
				D8FBBD922CE2C01B00A2F155 /* Resources */,
			);
			buildRules = (
			);
			dependencies = (
				D8FBBD962CE2C01B00A2F155 /* PBXTargetDependency */,
			);
			fileSystemSynchronizedGroups = (
				D8FBBD972CE2C01B00A2F155 /* MoneyQueenUITests */,
			);
			name = MoneyQueenUITests;
			packageProductDependencies = (
			);
			productName = MoneyQueenUITests;
			productReference = D8FBBD942CE2C01B00A2F155 /* MoneyQueenUITests.xctest */;
			productType = "com.apple.product-type.bundle.ui-testing";
		};
/* End PBXNativeTarget section */

/* Begin PBXProject section */
		D8FBBD722CE2C01900A2F155 /* Project object */ = {
			isa = PBXProject;
			attributes = {
				BuildIndependentTargetsInParallel = 1;
				LastSwiftUpdateCheck = 1600;
				LastUpgradeCheck = 1600;
				TargetAttributes = {
					D8FBBD792CE2C01900A2F155 = {
						CreatedOnToolsVersion = 16.0;
					};
					D8FBBD892CE2C01B00A2F155 = {
						CreatedOnToolsVersion = 16.0;
						TestTargetID = D8FBBD792CE2C01900A2F155;
					};
					D8FBBD932CE2C01B00A2F155 = {
						CreatedOnToolsVersion = 16.0;
						TestTargetID = D8FBBD792CE2C01900A2F155;
					};
				};
			};
			buildConfigurationList = D8FBBD752CE2C01900A2F155 /* Build configuration list for PBXProject "MoneyQueen" */;
			developmentRegion = en;
			hasScannedForEncodings = 0;
			knownRegions = (
				en,
				Base,
			);
			mainGroup = D8FBBD712CE2C01900A2F155;
			minimizedProjectReferenceProxies = 1;
			preferredProjectObjectVersion = 77;
			productRefGroup = D8FBBD7B2CE2C01900A2F155 /* Products */;
			projectDirPath = "";
			projectRoot = "";
			targets = (
				D8FBBD792CE2C01900A2F155 /* MoneyQueen */,
				D8FBBD892CE2C01B00A2F155 /* MoneyQueenTests */,
				D8FBBD932CE2C01B00A2F155 /* MoneyQueenUITests */,
			);
		};
/* End PBXProject section */

/* Begin PBXResourcesBuildPhase section */
		D8FBBD782CE2C01900A2F155 /* Resources */ = {
			isa = PBXResourcesBuildPhase;
			buildActionMask = 2147483647;
			files = (
			);
			runOnlyForDeploymentPostprocessing = 0;
		};
		D8FBBD882CE2C01B00A2F155 /* Resources */ = {
			isa = PBXResourcesBuildPhase;
			buildActionMask = 2147483647;
			files = (
			);
			runOnlyForDeploymentPostprocessing = 0;
		};
		D8FBBD922CE2C01B00A2F155 /* Resources */ = {
			isa = PBXResourcesBuildPhase;
			buildActionMask = 2147483647;
			files = (
			);
			runOnlyForDeploymentPostprocessing = 0;
		};
/* End PBXResourcesBuildPhase section */

/* Begin PBXSourcesBuildPhase section */
		D8FBBD762CE2C01900A2F155 /* Sources */ = {
			isa = PBXSourcesBuildPhase;
			buildActionMask = 2147483647;
			files = (
			);
			runOnlyForDeploymentPostprocessing = 0;
		};
		D8FBBD862CE2C01B00A2F155 /* Sources */ = {
			isa = PBXSourcesBuildPhase;
			buildActionMask = 2147483647;
			files = (
			);
			runOnlyForDeploymentPostprocessing = 0;
		};
		D8FBBD902CE2C01B00A2F155 /* Sources */ = {
			isa = PBXSourcesBuildPhase;
			buildActionMask = 2147483647;
			files = (
			);
			runOnlyForDeploymentPostprocessing = 0;
		};
/* End PBXSourcesBuildPhase section */

/* Begin PBXTargetDependency section */
		D8FBBD8C2CE2C01B00A2F155 /* PBXTargetDependency */ = {
			isa = PBXTargetDependency;
			target = D8FBBD792CE2C01900A2F155 /* MoneyQueen */;
			targetProxy = D8FBBD8B2CE2C01B00A2F155 /* PBXContainerItemProxy */;
		};
		D8FBBD962CE2C01B00A2F155 /* PBXTargetDependency */ = {
			isa = PBXTargetDependency;
			target = D8FBBD792CE2C01900A2F155 /* MoneyQueen */;
			targetProxy = D8FBBD952CE2C01B00A2F155 /* PBXContainerItemProxy */;
		};
/* End PBXTargetDependency section */

/* Begin XCBuildConfiguration section */
		D8FBBD9C2CE2C01B00A2F155 /* Debug */ = {
			isa = XCBuildConfiguration;
			buildSettings = {
				ALWAYS_SEARCH_USER_PATHS = NO;
				ASSETCATALOG_COMPILER_GENERATE_SWIFT_ASSET_SYMBOL_EXTENSIONS = YES;
				CLANG_ANALYZER_NONNULL = YES;
				CLANG_ANALYZER_NUMBER_OBJECT_CONVERSION = YES_AGGRESSIVE;
				CLANG_CXX_LANGUAGE_STANDARD = "gnu++20";
				CLANG_ENABLE_MODULES = YES;
				CLANG_ENABLE_OBJC_ARC = YES;
				CLANG_ENABLE_OBJC_WEAK = YES;
				CLANG_WARN_BLOCK_CAPTURE_AUTORELEASING = YES;
				CLANG_WARN_BOOL_CONVERSION = YES;
				CLANG_WARN_COMMA = YES;
				CLANG_WARN_CONSTANT_CONVERSION = YES;
				CLANG_WARN_DEPRECATED_OBJC_IMPLEMENTATIONS = YES;
				CLANG_WARN_DIRECT_OBJC_ISA_USAGE = YES_ERROR;
				CLANG_WARN_DOCUMENTATION_COMMENTS = YES;
				CLANG_WARN_EMPTY_BODY = YES;
				CLANG_WARN_ENUM_CONVERSION = YES;
				CLANG_WARN_INFINITE_RECURSION = YES;
				CLANG_WARN_INT_CONVERSION = YES;
				CLANG_WARN_NON_LITERAL_NULL_CONVERSION = YES;
				CLANG_WARN_OBJC_IMPLICIT_RETAIN_SELF = YES;
				CLANG_WARN_OBJC_LITERAL_CONVERSION = YES;
				CLANG_WARN_OBJC_ROOT_CLASS = YES_ERROR;
				CLANG_WARN_QUOTED_INCLUDE_IN_FRAMEWORK_HEADER = YES;
				CLANG_WARN_RANGE_LOOP_ANALYSIS = YES;
				CLANG_WARN_STRICT_PROTOTYPES = YES;
				CLANG_WARN_SUSPICIOUS_MOVE = YES;
				CLANG_WARN_UNGUARDED_AVAILABILITY = YES_AGGRESSIVE;
				CLANG_WARN_UNREACHABLE_CODE = YES;
				CLANG_WARN__DUPLICATE_METHOD_MATCH = YES;
				COPY_PHASE_STRIP = NO;
				DEBUG_INFORMATION_FORMAT = dwarf;
				ENABLE_STRICT_OBJC_MSGSEND = YES;
				ENABLE_TESTABILITY = YES;
				ENABLE_USER_SCRIPT_SANDBOXING = YES;
				GCC_C_LANGUAGE_STANDARD = gnu17;
				GCC_DYNAMIC_NO_PIC = NO;
				GCC_NO_COMMON_BLOCKS = YES;
				GCC_OPTIMIZATION_LEVEL = 0;
				GCC_PREPROCESSOR_DEFINITIONS = (
					"DEBUG=1",
					"$(inherited)",
				);
				GCC_WARN_64_TO_32_BIT_CONVERSION = YES;
				GCC_WARN_ABOUT_RETURN_TYPE = YES_ERROR;
				GCC_WARN_UNDECLARED_SELECTOR = YES;
				GCC_WARN_UNINITIALIZED_AUTOS = YES_AGGRESSIVE;
				GCC_WARN_UNUSED_FUNCTION = YES;
				GCC_WARN_UNUSED_VARIABLE = YES;
				IPHONEOS_DEPLOYMENT_TARGET = 18.0;
				LOCALIZATION_PREFERS_STRING_CATALOGS = YES;
				MTL_ENABLE_DEBUG_INFO = INCLUDE_SOURCE;
				MTL_FAST_MATH = YES;
				ONLY_ACTIVE_ARCH = YES;
				SDKROOT = iphoneos;
				SWIFT_ACTIVE_COMPILATION_CONDITIONS = "DEBUG $(inherited)";
				SWIFT_OPTIMIZATION_LEVEL = "-Onone";
			};
			name = Debug;
		};
		D8FBBD9D2CE2C01B00A2F155 /* Release */ = {
			isa = XCBuildConfiguration;
			buildSettings = {
				ALWAYS_SEARCH_USER_PATHS = NO;
				ASSETCATALOG_COMPILER_GENERATE_SWIFT_ASSET_SYMBOL_EXTENSIONS = YES;
				CLANG_ANALYZER_NONNULL = YES;
				CLANG_ANALYZER_NUMBER_OBJECT_CONVERSION = YES_AGGRESSIVE;
				CLANG_CXX_LANGUAGE_STANDARD = "gnu++20";
				CLANG_ENABLE_MODULES = YES;
				CLANG_ENABLE_OBJC_ARC = YES;
				CLANG_ENABLE_OBJC_WEAK = YES;
				CLANG_WARN_BLOCK_CAPTURE_AUTORELEASING = YES;
				CLANG_WARN_BOOL_CONVERSION = YES;
				CLANG_WARN_COMMA = YES;
				CLANG_WARN_CONSTANT_CONVERSION = YES;
				CLANG_WARN_DEPRECATED_OBJC_IMPLEMENTATIONS = YES;
				CLANG_WARN_DIRECT_OBJC_ISA_USAGE = YES_ERROR;
				CLANG_WARN_DOCUMENTATION_COMMENTS = YES;
				CLANG_WARN_EMPTY_BODY = YES;
				CLANG_WARN_ENUM_CONVERSION = YES;
				CLANG_WARN_INFINITE_RECURSION = YES;
				CLANG_WARN_INT_CONVERSION = YES;
				CLANG_WARN_NON_LITERAL_NULL_CONVERSION = YES;
				CLANG_WARN_OBJC_IMPLICIT_RETAIN_SELF = YES;
				CLANG_WARN_OBJC_LITERAL_CONVERSION = YES;
				CLANG_WARN_OBJC_ROOT_CLASS = YES_ERROR;
				CLANG_WARN_QUOTED_INCLUDE_IN_FRAMEWORK_HEADER = YES;
				CLANG_WARN_RANGE_LOOP_ANALYSIS = YES;
				CLANG_WARN_STRICT_PROTOTYPES = YES;
				CLANG_WARN_SUSPICIOUS_MOVE = YES;
				CLANG_WARN_UNGUARDED_AVAILABILITY = YES_AGGRESSIVE;
				CLANG_WARN_UNREACHABLE_CODE = YES;
				CLANG_WARN__DUPLICATE_METHOD_MATCH = YES;
				COPY_PHASE_STRIP = NO;
				DEBUG_INFORMATION_FORMAT = "dwarf-with-dsym";
				ENABLE_NS_ASSERTIONS = NO;
				ENABLE_STRICT_OBJC_MSGSEND = YES;
				ENABLE_USER_SCRIPT_SANDBOXING = YES;
				GCC_C_LANGUAGE_STANDARD = gnu17;
				GCC_NO_COMMON_BLOCKS = YES;
				GCC_WARN_64_TO_32_BIT_CONVERSION = YES;
				GCC_WARN_ABOUT_RETURN_TYPE = YES_ERROR;
				GCC_WARN_UNDECLARED_SELECTOR = YES;
				GCC_WARN_UNINITIALIZED_AUTOS = YES_AGGRESSIVE;
				GCC_WARN_UNUSED_FUNCTION = YES;
				GCC_WARN_UNUSED_VARIABLE = YES;
				IPHONEOS_DEPLOYMENT_TARGET = 18.0;
				LOCALIZATION_PREFERS_STRING_CATALOGS = YES;
				MTL_ENABLE_DEBUG_INFO = NO;
				MTL_FAST_MATH = YES;
				SDKROOT = iphoneos;
				SWIFT_COMPILATION_MODE = wholemodule;
				VALIDATE_PRODUCT = YES;
			};
			name = Release;
		};
		D8FBBD9F2CE2C01B00A2F155 /* Debug */ = {
			isa = XCBuildConfiguration;
			buildSettings = {
				ASSETCATALOG_COMPILER_APPICON_NAME = AppIcon;
				ASSETCATALOG_COMPILER_GLOBAL_ACCENT_COLOR_NAME = AccentColor;
				CODE_SIGN_STYLE = Automatic;
				CURRENT_PROJECT_VERSION = 1;
				DEVELOPMENT_ASSET_PATHS = "\"MoneyQueen/Preview Content\"";
				ENABLE_PREVIEWS = YES;
				GENERATE_INFOPLIST_FILE = YES;
				INFOPLIST_KEY_UIApplicationSceneManifest_Generation = YES;
				INFOPLIST_KEY_UIApplicationSupportsIndirectInputEvents = YES;
				INFOPLIST_KEY_UILaunchScreen_Generation = YES;
				INFOPLIST_KEY_UISupportedInterfaceOrientations_iPad = "UIInterfaceOrientationPortrait UIInterfaceOrientationPortraitUpsideDown UIInterfaceOrientationLandscapeLeft UIInterfaceOrientationLandscapeRight";
				INFOPLIST_KEY_UISupportedInterfaceOrientations_iPhone = "UIInterfaceOrientationPortrait UIInterfaceOrientationLandscapeLeft UIInterfaceOrientationLandscapeRight";
				LD_RUNPATH_SEARCH_PATHS = (
					"$(inherited)",
					"@executable_path/Frameworks",
				);
				MARKETING_VERSION = 1.0;
				PRODUCT_BUNDLE_IDENTIFIER = "hello-world.MoneyQueen";
				PRODUCT_NAME = "$(TARGET_NAME)";
				SWIFT_EMIT_LOC_STRINGS = YES;
				SWIFT_VERSION = 5.0;
				TARGETED_DEVICE_FAMILY = "1,2";
			};
			name = Debug;
		};
		D8FBBDA02CE2C01B00A2F155 /* Release */ = {
			isa = XCBuildConfiguration;
			buildSettings = {
				ASSETCATALOG_COMPILER_APPICON_NAME = AppIcon;
				ASSETCATALOG_COMPILER_GLOBAL_ACCENT_COLOR_NAME = AccentColor;
				CODE_SIGN_STYLE = Automatic;
				CURRENT_PROJECT_VERSION = 1;
				DEVELOPMENT_ASSET_PATHS = "\"MoneyQueen/Preview Content\"";
				ENABLE_PREVIEWS = YES;
				GENERATE_INFOPLIST_FILE = YES;
				INFOPLIST_KEY_UIApplicationSceneManifest_Generation = YES;
				INFOPLIST_KEY_UIApplicationSupportsIndirectInputEvents = YES;
				INFOPLIST_KEY_UILaunchScreen_Generation = YES;
				INFOPLIST_KEY_UISupportedInterfaceOrientations_iPad = "UIInterfaceOrientationPortrait UIInterfaceOrientationPortraitUpsideDown UIInterfaceOrientationLandscapeLeft UIInterfaceOrientationLandscapeRight";
				INFOPLIST_KEY_UISupportedInterfaceOrientations_iPhone = "UIInterfaceOrientationPortrait UIInterfaceOrientationLandscapeLeft UIInterfaceOrientationLandscapeRight";
				LD_RUNPATH_SEARCH_PATHS = (
					"$(inherited)",
					"@executable_path/Frameworks",
				);
				MARKETING_VERSION = 1.0;
				PRODUCT_BUNDLE_IDENTIFIER = "hello-world.MoneyQueen";
				PRODUCT_NAME = "$(TARGET_NAME)";
				SWIFT_EMIT_LOC_STRINGS = YES;
				SWIFT_VERSION = 5.0;
				TARGETED_DEVICE_FAMILY = "1,2";
			};
			name = Release;
		};
		D8FBBDA22CE2C01B00A2F155 /* Debug */ = {
			isa = XCBuildConfiguration;
			buildSettings = {
				BUNDLE_LOADER = "$(TEST_HOST)";
				CODE_SIGN_STYLE = Automatic;
				CURRENT_PROJECT_VERSION = 1;
				GENERATE_INFOPLIST_FILE = YES;
				IPHONEOS_DEPLOYMENT_TARGET = 18.0;
				MARKETING_VERSION = 1.0;
				PRODUCT_BUNDLE_IDENTIFIER = "hello-world.MoneyQueenTests";
				PRODUCT_NAME = "$(TARGET_NAME)";
				SWIFT_EMIT_LOC_STRINGS = NO;
				SWIFT_VERSION = 5.0;
				TARGETED_DEVICE_FAMILY = "1,2";
				TEST_HOST = "$(BUILT_PRODUCTS_DIR)/MoneyQueen.app/$(BUNDLE_EXECUTABLE_FOLDER_PATH)/MoneyQueen";
			};
			name = Debug;
		};
		D8FBBDA32CE2C01B00A2F155 /* Release */ = {
			isa = XCBuildConfiguration;
			buildSettings = {
				BUNDLE_LOADER = "$(TEST_HOST)";
				CODE_SIGN_STYLE = Automatic;
				CURRENT_PROJECT_VERSION = 1;
				GENERATE_INFOPLIST_FILE = YES;
				IPHONEOS_DEPLOYMENT_TARGET = 18.0;
				MARKETING_VERSION = 1.0;
				PRODUCT_BUNDLE_IDENTIFIER = "hello-world.MoneyQueenTests";
				PRODUCT_NAME = "$(TARGET_NAME)";
				SWIFT_EMIT_LOC_STRINGS = NO;
				SWIFT_VERSION = 5.0;
				TARGETED_DEVICE_FAMILY = "1,2";
				TEST_HOST = "$(BUILT_PRODUCTS_DIR)/MoneyQueen.app/$(BUNDLE_EXECUTABLE_FOLDER_PATH)/MoneyQueen";
			};
			name = Release;
		};
		D8FBBDA52CE2C01B00A2F155 /* Debug */ = {
			isa = XCBuildConfiguration;
			buildSettings = {
				CODE_SIGN_STYLE = Automatic;
				CURRENT_PROJECT_VERSION = 1;
				GENERATE_INFOPLIST_FILE = YES;
				MARKETING_VERSION = 1.0;
				PRODUCT_BUNDLE_IDENTIFIER = "hello-world.MoneyQueenUITests";
				PRODUCT_NAME = "$(TARGET_NAME)";
				SWIFT_EMIT_LOC_STRINGS = NO;
				SWIFT_VERSION = 5.0;
				TARGETED_DEVICE_FAMILY = "1,2";
				TEST_TARGET_NAME = MoneyQueen;
			};
			name = Debug;
		};
		D8FBBDA62CE2C01B00A2F155 /* Release */ = {
			isa = XCBuildConfiguration;
			buildSettings = {
				CODE_SIGN_STYLE = Automatic;
				CURRENT_PROJECT_VERSION = 1;
				GENERATE_INFOPLIST_FILE = YES;
				MARKETING_VERSION = 1.0;
				PRODUCT_BUNDLE_IDENTIFIER = "hello-world.MoneyQueenUITests";
				PRODUCT_NAME = "$(TARGET_NAME)";
				SWIFT_EMIT_LOC_STRINGS = NO;
				SWIFT_VERSION = 5.0;
				TARGETED_DEVICE_FAMILY = "1,2";
				TEST_TARGET_NAME = MoneyQueen;
			};
			name = Release;
		};
/* End XCBuildConfiguration section */

/* Begin XCConfigurationList section */
		D8FBBD752CE2C01900A2F155 /* Build configuration list for PBXProject "MoneyQueen" */ = {
			isa = XCConfigurationList;
			buildConfigurations = (
				D8FBBD9C2CE2C01B00A2F155 /* Debug */,
				D8FBBD9D2CE2C01B00A2F155 /* Release */,
			);
			defaultConfigurationIsVisible = 0;
			defaultConfigurationName = Release;
		};
		D8FBBD9E2CE2C01B00A2F155 /* Build configuration list for PBXNativeTarget "MoneyQueen" */ = {
			isa = XCConfigurationList;
			buildConfigurations = (
				D8FBBD9F2CE2C01B00A2F155 /* Debug */,
				D8FBBDA02CE2C01B00A2F155 /* Release */,
			);
			defaultConfigurationIsVisible = 0;
			defaultConfigurationName = Release;
		};
		D8FBBDA12CE2C01B00A2F155 /* Build configuration list for PBXNativeTarget "MoneyQueenTests" */ = {
			isa = XCConfigurationList;
			buildConfigurations = (
				D8FBBDA22CE2C01B00A2F155 /* Debug */,
				D8FBBDA32CE2C01B00A2F155 /* Release */,
			);
			defaultConfigurationIsVisible = 0;
			defaultConfigurationName = Release;
		};
		D8FBBDA42CE2C01B00A2F155 /* Build configuration list for PBXNativeTarget "MoneyQueenUITests" */ = {
			isa = XCConfigurationList;
			buildConfigurations = (
				D8FBBDA52CE2C01B00A2F155 /* Debug */,
				D8FBBDA62CE2C01B00A2F155 /* Release */,
			);
			defaultConfigurationIsVisible = 0;
			defaultConfigurationName = Release;
		};
/* End XCConfigurationList section */
	};
	rootObject = D8FBBD722CE2C01900A2F155 /* Project object */;
}
